
Microsoft Visual Studio Solution File, Format Version 12.00
# Visual Studio Version 17
VisualStudioVersion = 17.5.002.0
MinimumVisualStudioVersion = 10.0.40219.1
Project("{9A19103F-16F7-4668-BE54-9A1E7A4F7556}") = "Stemme Applikasjon", "Stemme Applikasjon.csproj", "{83BFDBE6-B771-4AAF-8A5D-57525B270074}"
EndProject
Global
	GlobalSection(SolutionConfigurationPlatforms) = preSolution
		Debug|Any CPU = Debug|Any CPU
		Release|Any CPU = Release|Any CPU
	EndGlobalSection
	GlobalSection(ProjectConfigurationPlatforms) = postSolution
		{83BFDBE6-B771-4AAF-8A5D-57525B270074}.Debug|Any CPU.ActiveCfg = Debug|Any CPU
		{83BFDBE6-B771-4AAF-8A5D-57525B270074}.Debug|Any CPU.Build.0 = Debug|Any CPU
		{83BFDBE6-B771-4AAF-8A5D-57525B270074}.Release|Any CPU.ActiveCfg = Release|Any CPU
		{83BFDBE6-B771-4AAF-8A5D-57525B270074}.Release|Any CPU.Build.0 = Release|Any CPU
	EndGlobalSection
	GlobalSection(SolutionProperties) = preSolution
		HideSolutionNode = FALSE
	EndGlobalSection
	GlobalSection(ExtensibilityGlobals) = postSolution
		SolutionGuid = {CB57A275-8108-4CD9-BF52-B287BF861A3C}
	EndGlobalSection
EndGlobal
